# Snapshot content pinned for reproducible Stack builds.
packages: []
snapshots:
- completed:
    size: 732465
    url: https://raw.githubusercontent.com/commercialhaskell/stackage-snapshots/master/lts/24/59.yaml
    sha256: 0f728e30e843d7f00460ad56858b995a3b227fca683659c7df9f2fc3988a3ce1
  original: lts-24.59
